
Microsoft Visual Studio Solution File, Format Version 12.00
# Visual Studio 2012
Project("{8BC9CEB8-8B4A-11D0-8D11-00A0C91BC942}") = "test", "test\test.vcxproj", "{4FC50E51-0CD3-4788-915C-5E5F6C53A335}"
EndProject
Global
	GlobalSection(SolutionConfigurationPlatforms) = preSolution
		Debug|Win32 = Debug|Win32
		Release|Win32 = Release|Win32
	EndGlobalSection
	GlobalSection(ProjectConfigurationPlatforms) = postSolution
		{4FC50E51-0CD3-4788-915C-5E5F6C53A335}.Debug|Win32.ActiveCfg = Debug|Win32
		{4FC50E51-0CD3-4788-915C-5E5F6C53A335}.Debug|Win32.Build.0 = Debug|Win32
		{4FC50E51-0CD3-4788-915C-5E5F6C53A335}.Release|Win32.ActiveCfg = Release|Win32
		{4FC50E51-0CD3-4788-915C-5E5F6C53A335}.Release|Win32.Build.0 = Release|Win32
	EndGlobalSection
	GlobalSection(SolutionProperties) = preSolution
		HideSolutionNode = FALSE
	EndGlobalSection
EndGlobal
